
Microsoft Visual Studio Solution File, Format Version 12.00
# Visual Studio Version 17
VisualStudioVersion = 17.14.37411.7
MinimumVisualStudioVersion = 10.0.40219.1
Project("{FAE04EC0-301F-11D3-BF4B-00C04F79EFBC}") = "Payment.API", "Payment.API\Payment.API.csproj", "{6B85E7DD-0448-4F99-969F-79ADF6543618}"
EndProject
Project("{FAE04EC0-301F-11D3-BF4B-00C04F79EFBC}") = "Payment.Consumer.Worker", "Payment.Consumer\Payment.Consumer.Worker.csproj", "{D3CBA678-4C32-4C86-AD09-048694D55698}"
EndProject
Project("{FAE04EC0-301F-11D3-BF4B-00C04F79EFBC}") = "Payment.Core", "Payment.Core\Payment.Core.csproj", "{56023397-E8C6-442D-B148-DADAF2CB7B67}"
EndProject
Project("{FAE04EC0-301F-11D3-BF4B-00C04F79EFBC}") = "Payment.Writer.Worker", "Payment.Writer.Worker\Payment.Writer.Worker.csproj", "{C2264CC2-664E-4351-8900-1B532C3899F3}"
EndProject
Project("{2150E333-8FDC-42A3-9474-1A3956D46DE8}") = "Docs", "Docs", "{02EA681E-C7D8-13C7-8484-4AC65E1B71E8}"
	ProjectSection(SolutionItems) = preProject
		Docs.txt = Docs.txt
	EndProjectSection
EndProject
Global
	GlobalSection(SolutionConfigurationPlatforms) = preSolution
		Debug|Any CPU = Debug|Any CPU
		Release|Any CPU = Release|Any CPU
	EndGlobalSection
	GlobalSection(ProjectConfigurationPlatforms) = postSolution
		{6B85E7DD-0448-4F99-969F-79ADF6543618}.Debug|Any CPU.ActiveCfg = Debug|Any CPU
		{6B85E7DD-0448-4F99-969F-79ADF6543618}.Debug|Any CPU.Build.0 = Debug|Any CPU
		{6B85E7DD-0448-4F99-969F-79ADF6543618}.Release|Any CPU.ActiveCfg = Release|Any CPU
		{6B85E7DD-0448-4F99-969F-79ADF6543618}.Release|Any CPU.Build.0 = Release|Any CPU
		{D3CBA678-4C32-4C86-AD09-048694D55698}.Debug|Any CPU.ActiveCfg = Debug|Any CPU
		{D3CBA678-4C32-4C86-AD09-048694D55698}.Debug|Any CPU.Build.0 = Debug|Any CPU
		{D3CBA678-4C32-4C86-AD09-048694D55698}.Release|Any CPU.ActiveCfg = Release|Any CPU
		{D3CBA678-4C32-4C86-AD09-048694D55698}.Release|Any CPU.Build.0 = Release|Any CPU
		{56023397-E8C6-442D-B148-DADAF2CB7B67}.Debug|Any CPU.ActiveCfg = Debug|Any CPU
		{56023397-E8C6-442D-B148-DADAF2CB7B67}.Debug|Any CPU.Build.0 = Debug|Any CPU
		{56023397-E8C6-442D-B148-DADAF2CB7B67}.Release|Any CPU.ActiveCfg = Release|Any CPU
		{56023397-E8C6-442D-B148-DADAF2CB7B67}.Release|Any CPU.Build.0 = Release|Any CPU
		{C2264CC2-664E-4351-8900-1B532C3899F3}.Debug|Any CPU.ActiveCfg = Debug|Any CPU
		{C2264CC2-664E-4351-8900-1B532C3899F3}.Debug|Any CPU.Build.0 = Debug|Any CPU
		{C2264CC2-664E-4351-8900-1B532C3899F3}.Release|Any CPU.ActiveCfg = Release|Any CPU
		{C2264CC2-664E-4351-8900-1B532C3899F3}.Release|Any CPU.Build.0 = Release|Any CPU
	EndGlobalSection
	GlobalSection(SolutionProperties) = preSolution
		HideSolutionNode = FALSE
	EndGlobalSection
	GlobalSection(ExtensibilityGlobals) = postSolution
		SolutionGuid = {282C265B-0365-4554-9632-80AB5ACB6681}
	EndGlobalSection
EndGlobal
